
Microsoft Visual Studio Solution File, Format Version 12.00
# Visual Studio Version 16
VisualStudioVersion = 16.0.30413.136
MinimumVisualStudioVersion = 10.0.40219.1
Project("{9A19103F-16F7-4668-BE54-9A1E7A4F7556}") = "LydsTextAdventure", "LydsTextAdventure\LydsTextAdventure.csproj", "{46F916FF-6A79-43C8-A98B-1ABCC299B29B}"
EndProject
Project("{9A19103F-16F7-4668-BE54-9A1E7A4F7556}") = "ConsoleLogger", "Console\ConsoleLogger.csproj", "{C56F2350-F0CE-43C2-A1B4-6ECF761C3C02}"
EndProject
Global
	GlobalSection(SolutionConfigurationPlatforms) = preSolution
		Debug|Any CPU = Debug|Any CPU
		Debug|x64 = Debug|x64
		Release|Any CPU = Release|Any CPU
		Release|x64 = Release|x64
	EndGlobalSection
	GlobalSection(ProjectConfigurationPlatforms) = postSolution
		{46F916FF-6A79-43C8-A98B-1ABCC299B29B}.Debug|Any CPU.ActiveCfg = Debug|Any CPU
		{46F916FF-6A79-43C8-A98B-1ABCC299B29B}.Debug|Any CPU.Build.0 = Debug|Any CPU
		{46F916FF-6A79-43C8-A98B-1ABCC299B29B}.Debug|x64.ActiveCfg = Debug|x64
		{46F916FF-6A79-43C8-A98B-1ABCC299B29B}.Debug|x64.Build.0 = Debug|x64
		{46F916FF-6A79-43C8-A98B-1ABCC299B29B}.Release|Any CPU.ActiveCfg = Release|Any CPU
		{46F916FF-6A79-43C8-A98B-1ABCC299B29B}.Release|Any CPU.Build.0 = Release|Any CPU
		{46F916FF-6A79-43C8-A98B-1ABCC299B29B}.Release|x64.ActiveCfg = Release|x64
		{46F916FF-6A79-43C8-A98B-1ABCC299B29B}.Release|x64.Build.0 = Release|x64
		{C56F2350-F0CE-43C2-A1B4-6ECF761C3C02}.Debug|Any CPU.ActiveCfg = Debug|Any CPU
		{C56F2350-F0CE-43C2-A1B4-6ECF761C3C02}.Debug|Any CPU.Build.0 = Debug|Any CPU
		{C56F2350-F0CE-43C2-A1B4-6ECF761C3C02}.Debug|x64.ActiveCfg = Debug|Any CPU
		{C56F2350-F0CE-43C2-A1B4-6ECF761C3C02}.Debug|x64.Build.0 = Debug|Any CPU
		{C56F2350-F0CE-43C2-A1B4-6ECF761C3C02}.Release|Any CPU.ActiveCfg = Release|Any CPU
		{C56F2350-F0CE-43C2-A1B4-6ECF761C3C02}.Release|Any CPU.Build.0 = Release|Any CPU
		{C56F2350-F0CE-43C2-A1B4-6ECF761C3C02}.Release|x64.ActiveCfg = Release|Any CPU
		{C56F2350-F0CE-43C2-A1B4-6ECF761C3C02}.Release|x64.Build.0 = Release|Any CPU
	EndGlobalSection
	GlobalSection(SolutionProperties) = preSolution
		HideSolutionNode = FALSE
	EndGlobalSection
	GlobalSection(ExtensibilityGlobals) = postSolution
		SolutionGuid = {7F9D9757-5C79-49D2-9F28-103E0D3E1787}
	EndGlobalSection
EndGlobal
